
Microsoft Visual Studio Solution File, Format Version 12.00
# Visual Studio Version 16
VisualStudioVersion = 16.0.30804.86
MinimumVisualStudioVersion = 10.0.40219.1
Project("{FAE04EC0-301F-11D3-BF4B-00C04F79EFBC}") = "applanches.Android", "applanches\applanches.Android\applanches.Android.csproj", "{7E06B97F-2A02-4FEF-B5B3-4B51C1570D71}"
EndProject
Project("{FAE04EC0-301F-11D3-BF4B-00C04F79EFBC}") = "applanches", "applanches\applanches\applanches.csproj", "{BD613D14-9AF8-4662-AF1A-CE4BBDD65207}"
EndProject
Global
	GlobalSection(SolutionConfigurationPlatforms) = preSolution
		Debug|Any CPU = Debug|Any CPU
		Release|Any CPU = Release|Any CPU
	EndGlobalSection
	GlobalSection(ProjectConfigurationPlatforms) = postSolution
		{7E06B97F-2A02-4FEF-B5B3-4B51C1570D71}.Debug|Any CPU.ActiveCfg = Debug|Any CPU
		{7E06B97F-2A02-4FEF-B5B3-4B51C1570D71}.Debug|Any CPU.Build.0 = Debug|Any CPU
		{7E06B97F-2A02-4FEF-B5B3-4B51C1570D71}.Debug|Any CPU.Deploy.0 = Debug|Any CPU
		{7E06B97F-2A02-4FEF-B5B3-4B51C1570D71}.Release|Any CPU.ActiveCfg = Release|Any CPU
		{7E06B97F-2A02-4FEF-B5B3-4B51C1570D71}.Release|Any CPU.Build.0 = Release|Any CPU
		{7E06B97F-2A02-4FEF-B5B3-4B51C1570D71}.Release|Any CPU.Deploy.0 = Release|Any CPU
		{BD613D14-9AF8-4662-AF1A-CE4BBDD65207}.Debug|Any CPU.ActiveCfg = Debug|Any CPU
		{BD613D14-9AF8-4662-AF1A-CE4BBDD65207}.Debug|Any CPU.Build.0 = Debug|Any CPU
		{BD613D14-9AF8-4662-AF1A-CE4BBDD65207}.Debug|Any CPU.Deploy.0 = Debug|Any CPU
		{BD613D14-9AF8-4662-AF1A-CE4BBDD65207}.Release|Any CPU.ActiveCfg = Release|Any CPU
		{BD613D14-9AF8-4662-AF1A-CE4BBDD65207}.Release|Any CPU.Build.0 = Release|Any CPU
		{BD613D14-9AF8-4662-AF1A-CE4BBDD65207}.Release|Any CPU.Deploy.0 = Release|Any CPU
	EndGlobalSection
	GlobalSection(SolutionProperties) = preSolution
		HideSolutionNode = FALSE
	EndGlobalSection
	GlobalSection(ExtensibilityGlobals) = postSolution
		SolutionGuid = {2795F79E-3A74-417E-86E3-842AC592FEE5}
	EndGlobalSection
EndGlobal
